{
  "name": "Vad crop science",
  "lockfileVersion": 2,
  "requires": true,
  "packages": {
    "": {
      "dependencies": {
        "crop": "^0.1.0",
        "science": "^1.9.3",
        "vad": "^0.0.1"
      }
    },
    "node_modules/bean": {
      "version": "1.0.15",
      "resolved": "https://registry.npmjs.org/bean/-/bean-1.0.15.tgz",
      "integrity": "sha512-/X7mF8caOC3qZYSJu62wEJ7AO5/ZIKwwvjBFded5s8IDdRLJSAXfYLJaNPIa/ALThJIWtqtJbbfGbGOjISX1bw=="
    },
    "node_modules/bonzo": {
      "version": "2.0.0",
      "resolved": "https://registry.npmjs.org/bonzo/-/bonzo-2.0.0.tgz",
      "integrity": "sha512-RQG5bX6VhxP6H8hOcU5LNk9FmfKwppbxVj8J1cVSZcHYyKaxyC+tV5VUhRYzpgsw5AsYmlsQpBLIGu6DPXPngA=="
    },
    "node_modules/crop": {
      "version": "0.1.0",
      "resolved": "https://registry.npmjs.org/crop/-/crop-0.1.0.tgz",
      "integrity": "sha512-8xdAYnMfH1ckfrYaUH8Rdbst5AGUiMJs2s1uzM3HWb+Cv9X9LhgoNu+8cTdXiX5nV3dvvQuLqlQdIX6MCc9yDQ==",
      "dependencies": {
        "timeout": "*",
        "widget": "*"
      },
      "engines": {
        "node": "*"
      }
    },
    "node_modules/science": {
      "version": "1.9.3",
      "resolved": "https://registry.npmjs.org/science/-/science-1.9.3.tgz",
      "integrity": "sha512-Mdw+aNsRLfD3Qw8Xnqhhxc7wCXdt12CrF5Zz8GqEqmT+dAO3AaMy/Gzpip/sMJwp/CEBOM1fGW9l09aH6hmKmw=="
    },
    "node_modules/timeout": {
      "version": "0.2.1",
      "resolved": "https://registry.npmjs.org/timeout/-/timeout-0.2.1.tgz",
      "integrity": "sha512-k06QAJIbeCndnm2u3MbMwO8IFpAj2bEFm83jkXNo4Vi6ilXkXtdNTaIrB0pJuxwNyt1rfO2TwuLd7EpFcsMbdw==",
      "engines": {
        "node": "*"
      }
    },
    "node_modules/vad": {
      "version": "0.0.1",
      "resolved": "https://registry.npmjs.org/vad/-/vad-0.0.1.tgz",
      "integrity": "sha512-BJiX65G1iaB8JVYltP6gCDhQvI+JrgLCwTxbLzGlZhsoNGGkvkmJTjhBI2GpHo4DZizJs2biQrgOFoJu6bJN8Q=="
    },
    "node_modules/widget": {
      "version": "0.0.2",
      "resolved": "https://registry.npmjs.org/widget/-/widget-0.0.2.tgz",
      "integrity": "sha512-FapCmbjwwhTKNAsKqU1MPzHo5+2ajxWENWkextyZYNs/FFCPwGborP+1IFQrMDTgj7x6QSVTyhSfIlC87YeGDw==",
      "dependencies": {
        "bean": "*",
        "bonzo": "*"
      },
      "engines": {
        "node": "*"
      }
    }
  },
  "dependencies": {
    "bean": {
      "version": "1.0.15",
      "resolved": "https://registry.npmjs.org/bean/-/bean-1.0.15.tgz",
      "integrity": "sha512-/X7mF8caOC3qZYSJu62wEJ7AO5/ZIKwwvjBFded5s8IDdRLJSAXfYLJaNPIa/ALThJIWtqtJbbfGbGOjISX1bw=="
    },
    "bonzo": {
      "version": "2.0.0",
      "resolved": "https://registry.npmjs.org/bonzo/-/bonzo-2.0.0.tgz",
      "integrity": "sha512-RQG5bX6VhxP6H8hOcU5LNk9FmfKwppbxVj8J1cVSZcHYyKaxyC+tV5VUhRYzpgsw5AsYmlsQpBLIGu6DPXPngA=="
    },
    "crop": {
      "version": "0.1.0",
      "resolved": "https://registry.npmjs.org/crop/-/crop-0.1.0.tgz",
      "integrity": "sha512-8xdAYnMfH1ckfrYaUH8Rdbst5AGUiMJs2s1uzM3HWb+Cv9X9LhgoNu+8cTdXiX5nV3dvvQuLqlQdIX6MCc9yDQ==",
      "requires": {
        "timeout": "*",
        "widget": "*"
      }
    },
    "science": {
      "version": "1.9.3",
      "resolved": "https://registry.npmjs.org/science/-/science-1.9.3.tgz",
      "integrity": "sha512-Mdw+aNsRLfD3Qw8Xnqhhxc7wCXdt12CrF5Zz8GqEqmT+dAO3AaMy/Gzpip/sMJwp/CEBOM1fGW9l09aH6hmKmw=="
    },
    "timeout": {
      "version": "0.2.1",
      "resolved": "https://registry.npmjs.org/timeout/-/timeout-0.2.1.tgz",
      "integrity": "sha512-k06QAJIbeCndnm2u3MbMwO8IFpAj2bEFm83jkXNo4Vi6ilXkXtdNTaIrB0pJuxwNyt1rfO2TwuLd7EpFcsMbdw=="
    },
    "vad": {
      "version": "0.0.1",
      "resolved": "https://registry.npmjs.org/vad/-/vad-0.0.1.tgz",
      "integrity": "sha512-BJiX65G1iaB8JVYltP6gCDhQvI+JrgLCwTxbLzGlZhsoNGGkvkmJTjhBI2GpHo4DZizJs2biQrgOFoJu6bJN8Q=="
    },
    "widget": {
      "version": "0.0.2",
      "resolved": "https://registry.npmjs.org/widget/-/widget-0.0.2.tgz",
      "integrity": "sha512-FapCmbjwwhTKNAsKqU1MPzHo5+2ajxWENWkextyZYNs/FFCPwGborP+1IFQrMDTgj7x6QSVTyhSfIlC87YeGDw==",
      "requires": {
        "bean": "*",
        "bonzo": "*"
      }
    }
  }
}
